
Microsoft Visual Studio Solution File, Format Version 12.00
# Visual Studio Version 16
VisualStudioVersion = 16.0.31313.79
MinimumVisualStudioVersion = 10.0.40219.1
Project("{FAE04EC0-301F-11D3-BF4B-00C04F79EFBC}") = "Ejercicio 2 - Practica 1", "Ejercicio 2 - Practica 1.csproj", "{3E4E8C87-7514-4590-907F-6CD71D31FA7E}"
EndProject
Global
	GlobalSection(SolutionConfigurationPlatforms) = preSolution
		Debug|Any CPU = Debug|Any CPU
		Release|Any CPU = Release|Any CPU
	EndGlobalSection
	GlobalSection(ProjectConfigurationPlatforms) = postSolution
		{3E4E8C87-7514-4590-907F-6CD71D31FA7E}.Debug|Any CPU.ActiveCfg = Debug|Any CPU
		{3E4E8C87-7514-4590-907F-6CD71D31FA7E}.Debug|Any CPU.Build.0 = Debug|Any CPU
		{3E4E8C87-7514-4590-907F-6CD71D31FA7E}.Release|Any CPU.ActiveCfg = Release|Any CPU
		{3E4E8C87-7514-4590-907F-6CD71D31FA7E}.Release|Any CPU.Build.0 = Release|Any CPU
	EndGlobalSection
	GlobalSection(SolutionProperties) = preSolution
		HideSolutionNode = FALSE
	EndGlobalSection
	GlobalSection(ExtensibilityGlobals) = postSolution
		SolutionGuid = {C5090B83-1F55-43E5-A01D-9ED462B8C821}
	EndGlobalSection
EndGlobal
